
Microsoft Visual Studio Solution File, Format Version 12.00
# Visual Studio Version 16
VisualStudioVersion = 25.0.1703.5
MinimumVisualStudioVersion = 10.0.40219.1
Project("{FAE04EC0-301F-11D3-BF4B-00C04F79EFBC}") = "PrakticheskayaN2SSNL", "PrakticheskayaN2SSNL\PrakticheskayaN2SSNL.csproj", "{A523D654-C08C-4981-8E6F-44B015DB94BE}"
EndProject
Global
	GlobalSection(SolutionConfigurationPlatforms) = preSolution
		Debug|Any CPU = Debug|Any CPU
		Release|Any CPU = Release|Any CPU
	EndGlobalSection
	GlobalSection(ProjectConfigurationPlatforms) = postSolution
		{A523D654-C08C-4981-8E6F-44B015DB94BE}.Debug|Any CPU.ActiveCfg = Debug|Any CPU
		{A523D654-C08C-4981-8E6F-44B015DB94BE}.Debug|Any CPU.Build.0 = Debug|Any CPU
		{A523D654-C08C-4981-8E6F-44B015DB94BE}.Release|Any CPU.ActiveCfg = Release|Any CPU
		{A523D654-C08C-4981-8E6F-44B015DB94BE}.Release|Any CPU.Build.0 = Release|Any CPU
	EndGlobalSection
	GlobalSection(SolutionProperties) = preSolution
		HideSolutionNode = FALSE
	EndGlobalSection
	GlobalSection(ExtensibilityGlobals) = postSolution
		SolutionGuid = {F64AFE8E-FE35-4E67-90B4-552C513F4488}
	EndGlobalSection
EndGlobal
